
Microsoft Visual Studio Solution File, Format Version 12.00
# Visual Studio Version 16
VisualStudioVersion = 16.0.33927.289
MinimumVisualStudioVersion = 10.0.40219.1
Project("{FAE04EC0-301F-11D3-BF4B-00C04F79EFBC}") = "ByteConverter", "ByteConverter\ByteConverter.csproj", "{DCA4220C-43D5-4540-AA13-8FC384A9C21B}"
EndProject
Global
	GlobalSection(SolutionConfigurationPlatforms) = preSolution
		Debug|Any CPU = Debug|Any CPU
		Release|Any CPU = Release|Any CPU
	EndGlobalSection
	GlobalSection(ProjectConfigurationPlatforms) = postSolution
		{DCA4220C-43D5-4540-AA13-8FC384A9C21B}.Debug|Any CPU.ActiveCfg = Debug|Any CPU
		{DCA4220C-43D5-4540-AA13-8FC384A9C21B}.Debug|Any CPU.Build.0 = Debug|Any CPU
		{DCA4220C-43D5-4540-AA13-8FC384A9C21B}.Release|Any CPU.ActiveCfg = Release|Any CPU
		{DCA4220C-43D5-4540-AA13-8FC384A9C21B}.Release|Any CPU.Build.0 = Release|Any CPU
	EndGlobalSection
	GlobalSection(SolutionProperties) = preSolution
		HideSolutionNode = FALSE
	EndGlobalSection
	GlobalSection(ExtensibilityGlobals) = postSolution
		SolutionGuid = {7B0FC140-E0E4-4F07-8087-15C6EEFB031C}
	EndGlobalSection
EndGlobal
